<?xml version="1.0" encoding="utf-8"?>
<Project ToolsVersion="4.0" xmlns="http://schemas.microsoft.com/developer/msbuild/2003">
  <ItemGroup>
    <ClCompile Include="main.cpp" />
    <ClCompile Include="socketListener.cpp">
      <Filter>mycommon</Filter>
    </ClCompile>
    <ClCompile Include="turn_server.cpp">
      <Filter>mycommon</Filter>
    </ClCompile>
    <ClCompile Include="dbg.c">
      <Filter>turnserver</Filter>
    </ClCompile>
    <ClCompile Include="allocation.cpp">
      <Filter>turnserver</Filter>
    </ClCompile>
    <ClCompile Include="protocol.cpp">
      <Filter>turnserver</Filter>
    </ClCompile>
    <ClCompile Include="commonTypes.cpp">
      <Filter>mycommon</Filter>
    </ClCompile>
    <ClCompile Include="StunProtocol.cpp">
      <Filter>mycommon</Filter>
    </ClCompile>
    <ClCompile Include="SHAmethod.cpp">
      <Filter>common</Filter>
    </ClCompile>
  </ItemGroup>
  <ItemGroup>
    <Filter Include="mycommon">
      <UniqueIdentifier>{cc7bc922-3a14-4129-ba36-c4812a777848}</UniqueIdentifier>
    </Filter>
    <Filter Include="common">
      <UniqueIdentifier>{924fefe0-b8d9-478e-b3a3-6f679399f3f3}</UniqueIdentifier>
    </Filter>
    <Filter Include="server">
      <UniqueIdentifier>{a4c74973-0728-43ee-8c6a-6ef4ae30bd4e}</UniqueIdentifier>
    </Filter>
    <Filter Include="turnserver">
      <UniqueIdentifier>{8ab2e19a-6291-43a1-8396-3eccb1b01239}</UniqueIdentifier>
    </Filter>
  </ItemGroup>
  <ItemGroup>
    <ClInclude Include="socketListener.h">
      <Filter>mycommon</Filter>
    </ClInclude>
    <ClInclude Include="commonTypes.h">
      <Filter>mycommon</Filter>
    </ClInclude>
    <ClInclude Include="turn_server.h">
      <Filter>mycommon</Filter>
    </ClInclude>
    <ClInclude Include="myDeletegate.h">
      <Filter>common</Filter>
    </ClInclude>
    <ClInclude Include="turn.h">
      <Filter>turnserver</Filter>
    </ClInclude>
    <ClInclude Include="dbg.h">
      <Filter>turnserver</Filter>
    </ClInclude>
    <ClInclude Include="allocation.h">
      <Filter>turnserver</Filter>
    </ClInclude>
    <ClInclude Include="list.h">
      <Filter>turnserver</Filter>
    </ClInclude>
    <ClInclude Include="protocol.h">
      <Filter>turnserver</Filter>
    </ClInclude>
    <ClInclude Include="StunProtocol.h">
      <Filter>mycommon</Filter>
    </ClInclude>
    <ClInclude Include="SHAmethod.h">
      <Filter>common</Filter>
    </ClInclude>
  </ItemGroup>
  <ItemGroup>
    <Text Include="readme.txt" />
  </ItemGroup>
</Project>