<?xml version="1.0" encoding="utf-8"?>
<Project ToolsVersion="4.0" xmlns="http://schemas.microsoft.com/developer/msbuild/2003">
  <ItemGroup>
    <ClCompile Include="main.cpp" />
    <ClCompile Include="socketListener.cpp">
      <Filter>common</Filter>
    </ClCompile>
    <ClCompile Include="turn_agreement.cpp">
      <Filter>common</Filter>
    </ClCompile>
  </ItemGroup>
  <ItemGroup>
    <Filter Include="common">
      <UniqueIdentifier>{cc7bc922-3a14-4129-ba36-c4812a777848}</UniqueIdentifier>
    </Filter>
  </ItemGroup>
  <ItemGroup>
    <ClInclude Include="socketListener.h">
      <Filter>common</Filter>
    </ClInclude>
    <ClInclude Include="main.h" />
    <ClInclude Include="turn_agreement.h">
      <Filter>common</Filter>
    </ClInclude>
    <ClInclude Include="commonTypes.h">
      <Filter>common</Filter>
    </ClInclude>
  </ItemGroup>
  <ItemGroup>
    <Text Include="readme.txt" />
  </ItemGroup>
</Project>